
Microsoft Visual Studio Solution File, Format Version 12.00
# Visual Studio 15
VisualStudioVersion = 15.0.27004.2010
MinimumVisualStudioVersion = 10.0.40219.1
Project("{FAE04EC0-301F-11D3-BF4B-00C04F79EFBC}") = "BookService", "BookService\BookService.csproj", "{4E7A4F1C-F66E-4529-91D3-59A3E0D1A173}"
EndProject
Global
	GlobalSection(SolutionConfigurationPlatforms) = preSolution
		Debug|Any CPU = Debug|Any CPU
		Release|Any CPU = Release|Any CPU
	EndGlobalSection
	GlobalSection(ProjectConfigurationPlatforms) = postSolution
		{4E7A4F1C-F66E-4529-91D3-59A3E0D1A173}.Debug|Any CPU.ActiveCfg = Debug|Any CPU
		{4E7A4F1C-F66E-4529-91D3-59A3E0D1A173}.Debug|Any CPU.Build.0 = Debug|Any CPU
		{4E7A4F1C-F66E-4529-91D3-59A3E0D1A173}.Release|Any CPU.ActiveCfg = Release|Any CPU
		{4E7A4F1C-F66E-4529-91D3-59A3E0D1A173}.Release|Any CPU.Build.0 = Release|Any CPU
	EndGlobalSection
	GlobalSection(SolutionProperties) = preSolution
		HideSolutionNode = FALSE
	EndGlobalSection
	GlobalSection(ExtensibilityGlobals) = postSolution
		SolutionGuid = {FEB94B11-7DAF-4951-8688-1F43F8932B53}
	EndGlobalSection
EndGlobal
